
Microsoft Visual Studio Solution File, Format Version 12.00
# Visual Studio Version 16
VisualStudioVersion = 16.0.29306.81
MinimumVisualStudioVersion = 10.0.40219.1
Project("{FAE04EC0-301F-11D3-BF4B-00C04F79EFBC}") = "8QueensProyect", "8QueensProyect\8QueensProyect.csproj", "{83C833C9-5139-4167-AC44-F0B9B53C9668}"
EndProject
Global
	GlobalSection(SolutionConfigurationPlatforms) = preSolution
		Debug|Any CPU = Debug|Any CPU
		Release|Any CPU = Release|Any CPU
	EndGlobalSection
	GlobalSection(ProjectConfigurationPlatforms) = postSolution
		{83C833C9-5139-4167-AC44-F0B9B53C9668}.Debug|Any CPU.ActiveCfg = Debug|Any CPU
		{83C833C9-5139-4167-AC44-F0B9B53C9668}.Debug|Any CPU.Build.0 = Debug|Any CPU
		{83C833C9-5139-4167-AC44-F0B9B53C9668}.Release|Any CPU.ActiveCfg = Release|Any CPU
		{83C833C9-5139-4167-AC44-F0B9B53C9668}.Release|Any CPU.Build.0 = Release|Any CPU
	EndGlobalSection
	GlobalSection(SolutionProperties) = preSolution
		HideSolutionNode = FALSE
	EndGlobalSection
	GlobalSection(ExtensibilityGlobals) = postSolution
		SolutionGuid = {937646AC-F39C-4E00-8669-86F2A5AB84DD}
	EndGlobalSection
EndGlobal
